// !$*UTF8*$!
{
	archiveVersion = 1;
	classes = {
	};
	objectVersion = 46;
	objects = {

/* Begin PBXBuildFile section */
		3A5CCBF14E8D3285586FBF5F /* Pods_InChat.framework in Frameworks */ = {isa = PBXBuildFile; fileRef = 1967861A7DA358EF41C9CD13 /* Pods_InChat.framework */; };
		5B075ACF1E41049500A702BC /* LastMessagesViewController.swift in Sources */ = {isa = PBXBuildFile; fileRef = 5B075ACE1E41049500A702BC /* LastMessagesViewController.swift */; };
		5B075AD31E41071A00A702BC /* Utils.swift in Sources */ = {isa = PBXBuildFile; fileRef = 5B075AD21E41071A00A702BC /* Utils.swift */; };
		5B075AD51E41108600A702BC /* LoginNode.swift in Sources */ = {isa = PBXBuildFile; fileRef = 5B075AD41E41108600A702BC /* LoginNode.swift */; };
		5B075AD91E41133A00A702BC /* Localizable.strings in Resources */ = {isa = PBXBuildFile; fileRef = 5B075ADB1E41133A00A702BC /* Localizable.strings */; };
		5B130EF31E48868900BBC9C7 /* ChatViewController.swift in Sources */ = {isa = PBXBuildFile; fileRef = 5B130EF21E48868900BBC9C7 /* ChatViewController.swift */; };
		5B130EF51E4888CB00BBC9C7 /* ChatNode.swift in Sources */ = {isa = PBXBuildFile; fileRef = 5B130EF41E4888CB00BBC9C7 /* ChatNode.swift */; };
		5B130EF71E4891DA00BBC9C7 /* InputContainerNode.swift in Sources */ = {isa = PBXBuildFile; fileRef = 5B130EF61E4891DA00BBC9C7 /* InputContainerNode.swift */; };
		5B1A3CF11E41E65D003CE5A4 /* BaseDisplayNode.swift in Sources */ = {isa = PBXBuildFile; fileRef = 5B1A3CF01E41E65D003CE5A4 /* BaseDisplayNode.swift */; };
		5B1A3CF31E4225D3003CE5A4 /* KeyboardController.swift in Sources */ = {isa = PBXBuildFile; fileRef = 5B1A3CF21E4225D3003CE5A4 /* KeyboardController.swift */; };
		5B2785051E438F28009F618B /* ProfileViewController.swift in Sources */ = {isa = PBXBuildFile; fileRef = 5B2785041E438F28009F618B /* ProfileViewController.swift */; };
		5B2785071E43A919009F618B /* ProfileHeaderCellNode.swift in Sources */ = {isa = PBXBuildFile; fileRef = 5B2785061E43A919009F618B /* ProfileHeaderCellNode.swift */; };
		5B2F804B1E4CFB3E0045A4BE /* LastMessagesSectionController.swift in Sources */ = {isa = PBXBuildFile; fileRef = 5B2F804A1E4CFB3E0045A4BE /* LastMessagesSectionController.swift */; };
		5B37D6AD1E4A283700BEE948 /* LastMessageCellNode.swift in Sources */ = {isa = PBXBuildFile; fileRef = 5B37D6AC1E4A283700BEE948 /* LastMessageCellNode.swift */; };
		5B3BB9631E423FD3009FB91B /* GoogleService-Info.plist in Resources */ = {isa = PBXBuildFile; fileRef = 5B3BB9621E423FD3009FB91B /* GoogleService-Info.plist */; };
		5B5207501E448DD600CBF4AB /* ProfileEmailCellNode.swift in Sources */ = {isa = PBXBuildFile; fileRef = 5B52074F1E448DD600CBF4AB /* ProfileEmailCellNode.swift */; };
		5B756F901E44D28F00CC49A0 /* InfoPlist.strings in Resources */ = {isa = PBXBuildFile; fileRef = 5B756F921E44D28F00CC49A0 /* InfoPlist.strings */; };
		5B8880C61E51B7B80095C66D /* ChatMessagesSectionController.swift in Sources */ = {isa = PBXBuildFile; fileRef = 5B8880C51E51B7B80095C66D /* ChatMessagesSectionController.swift */; };
		5B8880C81E51C8160095C66D /* ChatMessageCellNode.swift in Sources */ = {isa = PBXBuildFile; fileRef = 5B8880C71E51C8160095C66D /* ChatMessageCellNode.swift */; };
		5B9E320D1E4243DF007C4AD3 /* DatabaseManager.swift in Sources */ = {isa = PBXBuildFile; fileRef = 5B9E320C1E4243DF007C4AD3 /* DatabaseManager.swift */; };
		5B9E32101E425114007C4AD3 /* AuthManager.swift in Sources */ = {isa = PBXBuildFile; fileRef = 5B9E320F1E425114007C4AD3 /* AuthManager.swift */; };
		5BB0D29E1E4100B7000A1672 /* AppDelegate.swift in Sources */ = {isa = PBXBuildFile; fileRef = 5BB0D29D1E4100B7000A1672 /* AppDelegate.swift */; };
		5BB0D2A01E4100B7000A1672 /* LoginViewController.swift in Sources */ = {isa = PBXBuildFile; fileRef = 5BB0D29F1E4100B7000A1672 /* LoginViewController.swift */; };
		5BB0D2A51E4100B7000A1672 /* Assets.xcassets in Resources */ = {isa = PBXBuildFile; fileRef = 5BB0D2A41E4100B7000A1672 /* Assets.xcassets */; };
		5BB0D2A81E4100B7000A1672 /* LaunchScreen.storyboard in Resources */ = {isa = PBXBuildFile; fileRef = 5BB0D2A61E4100B7000A1672 /* LaunchScreen.storyboard */; };
		5BB380E91E433B8F00E1F315 /* ASDisplayNode+PushAnimation.swift in Sources */ = {isa = PBXBuildFile; fileRef = 5BB380E81E433B8F00E1F315 /* ASDisplayNode+PushAnimation.swift */; };
		5BB380EC1E43403A00E1F315 /* User.swift in Sources */ = {isa = PBXBuildFile; fileRef = 5BB380EB1E43403A00E1F315 /* User.swift */; };
		5BB380EE1E43448100E1F315 /* NewMessageViewController.swift in Sources */ = {isa = PBXBuildFile; fileRef = 5BB380ED1E43448100E1F315 /* NewMessageViewController.swift */; };
		5BB380F01E4348B900E1F315 /* BaseNavigationController.swift in Sources */ = {isa = PBXBuildFile; fileRef = 5BB380EF1E4348B900E1F315 /* BaseNavigationController.swift */; };
		5BB380F21E4350EE00E1F315 /* UserCellNode.swift in Sources */ = {isa = PBXBuildFile; fileRef = 5BB380F11E4350EE00E1F315 /* UserCellNode.swift */; };
		5BBA39C61E4DF76100569701 /* UsersListSectionController.swift in Sources */ = {isa = PBXBuildFile; fileRef = 5BBA39C51E4DF76100569701 /* UsersListSectionController.swift */; };
		5BBA39C81E4E003400569701 /* ViewControllerWithKeyboard.swift in Sources */ = {isa = PBXBuildFile; fileRef = 5BBA39C71E4E003400569701 /* ViewControllerWithKeyboard.swift */; };
		5BD0E71C1E49DE7800727012 /* Message.swift in Sources */ = {isa = PBXBuildFile; fileRef = 5BD0E71B1E49DE7800727012 /* Message.swift */; };
		5BD549A01E4671B00094A2E8 /* ReachabilityProvider.swift in Sources */ = {isa = PBXBuildFile; fileRef = 5BD5499F1E4671B00094A2E8 /* ReachabilityProvider.swift */; };
		5BEA915B1E53109000C1940A /* DomainDI.swift in Sources */ = {isa = PBXBuildFile; fileRef = 5BEA915A1E53109000C1940A /* DomainDI.swift */; };
		5BEA91631E531B4F00C1940A /* PresentationDI.swift in Sources */ = {isa = PBXBuildFile; fileRef = 5BEA91621E531B4F00C1940A /* PresentationDI.swift */; };
		5BEA91651E53284D00C1940A /* PresentationManager.swift in Sources */ = {isa = PBXBuildFile; fileRef = 5BEA91641E53284D00C1940A /* PresentationManager.swift */; };
		5BEA91671E534EE200C1940A /* AppAssembly.swift in Sources */ = {isa = PBXBuildFile; fileRef = 5BEA91661E534EE200C1940A /* AppAssembly.swift */; };
/* End PBXBuildFile section */

/* Begin PBXFileReference section */
		0BD4839A0D90E197E198E266 /* Pods-InChat.debug.xcconfig */ = {isa = PBXFileReference; includeInIndex = 1; lastKnownFileType = text.xcconfig; name = "Pods-InChat.debug.xcconfig"; path = "Pods/Target Support Files/Pods-InChat/Pods-InChat.debug.xcconfig"; sourceTree = "<group>"; };
		1967861A7DA358EF41C9CD13 /* Pods_InChat.framework */ = {isa = PBXFileReference; explicitFileType = wrapper.framework; includeInIndex = 0; path = Pods_InChat.framework; sourceTree = BUILT_PRODUCTS_DIR; };
		5B075ACE1E41049500A702BC /* LastMessagesViewController.swift */ = {isa = PBXFileReference; fileEncoding = 4; lastKnownFileType = sourcecode.swift; path = LastMessagesViewController.swift; sourceTree = "<group>"; };
		5B075AD21E41071A00A702BC /* Utils.swift */ = {isa = PBXFileReference; fileEncoding = 4; lastKnownFileType = sourcecode.swift; path = Utils.swift; sourceTree = "<group>"; };
		5B075AD41E41108600A702BC /* LoginNode.swift */ = {isa = PBXFileReference; fileEncoding = 4; lastKnownFileType = sourcecode.swift; path = LoginNode.swift; sourceTree = "<group>"; };
		5B075ADA1E41133A00A702BC /* en */ = {isa = PBXFileReference; lastKnownFileType = text.plist.strings; name = en; path = en.lproj/Localizable.strings; sourceTree = "<group>"; };
		5B075ADF1E4114CF00A702BC /* ru */ = {isa = PBXFileReference; lastKnownFileType = text.plist.strings; name = ru; path = ru.lproj/Localizable.strings; sourceTree = "<group>"; };
		5B075AE01E4114D800A702BC /* uk */ = {isa = PBXFileReference; lastKnownFileType = text.plist.strings; name = uk; path = uk.lproj/Localizable.strings; sourceTree = "<group>"; };
		5B130EF21E48868900BBC9C7 /* ChatViewController.swift */ = {isa = PBXFileReference; fileEncoding = 4; lastKnownFileType = sourcecode.swift; path = ChatViewController.swift; sourceTree = "<group>"; };
		5B130EF41E4888CB00BBC9C7 /* ChatNode.swift */ = {isa = PBXFileReference; fileEncoding = 4; lastKnownFileType = sourcecode.swift; path = ChatNode.swift; sourceTree = "<group>"; };
		5B130EF61E4891DA00BBC9C7 /* InputContainerNode.swift */ = {isa = PBXFileReference; fileEncoding = 4; lastKnownFileType = sourcecode.swift; path = InputContainerNode.swift; sourceTree = "<group>"; };
		5B1A3CF01E41E65D003CE5A4 /* BaseDisplayNode.swift */ = {isa = PBXFileReference; fileEncoding = 4; lastKnownFileType = sourcecode.swift; path = BaseDisplayNode.swift; sourceTree = "<group>"; };
		5B1A3CF21E4225D3003CE5A4 /* KeyboardController.swift */ = {isa = PBXFileReference; fileEncoding = 4; lastKnownFileType = sourcecode.swift; path = KeyboardController.swift; sourceTree = "<group>"; };
		5B2785041E438F28009F618B /* ProfileViewController.swift */ = {isa = PBXFileReference; fileEncoding = 4; lastKnownFileType = sourcecode.swift; path = ProfileViewController.swift; sourceTree = "<group>"; };
		5B2785061E43A919009F618B /* ProfileHeaderCellNode.swift */ = {isa = PBXFileReference; fileEncoding = 4; lastKnownFileType = sourcecode.swift; path = ProfileHeaderCellNode.swift; sourceTree = "<group>"; };
		5B2F804A1E4CFB3E0045A4BE /* LastMessagesSectionController.swift */ = {isa = PBXFileReference; fileEncoding = 4; lastKnownFileType = sourcecode.swift; path = LastMessagesSectionController.swift; sourceTree = "<group>"; };
		5B37D6AC1E4A283700BEE948 /* LastMessageCellNode.swift */ = {isa = PBXFileReference; fileEncoding = 4; lastKnownFileType = sourcecode.swift; path = LastMessageCellNode.swift; sourceTree = "<group>"; };
		5B3BB9621E423FD3009FB91B /* GoogleService-Info.plist */ = {isa = PBXFileReference; fileEncoding = 4; lastKnownFileType = text.plist.xml; path = "GoogleService-Info.plist"; sourceTree = "<group>"; };
		5B52074F1E448DD600CBF4AB /* ProfileEmailCellNode.swift */ = {isa = PBXFileReference; fileEncoding = 4; lastKnownFileType = sourcecode.swift; path = ProfileEmailCellNode.swift; sourceTree = "<group>"; };
		5B756F911E44D28F00CC49A0 /* en */ = {isa = PBXFileReference; lastKnownFileType = text.plist.strings; name = en; path = en.lproj/InfoPlist.strings; sourceTree = "<group>"; };
		5B756F931E44D29200CC49A0 /* ru */ = {isa = PBXFileReference; lastKnownFileType = text.plist.strings; name = ru; path = ru.lproj/InfoPlist.strings; sourceTree = "<group>"; };
		5B756F941E44D29300CC49A0 /* uk */ = {isa = PBXFileReference; lastKnownFileType = text.plist.strings; name = uk; path = uk.lproj/InfoPlist.strings; sourceTree = "<group>"; };
		5B8880C51E51B7B80095C66D /* ChatMessagesSectionController.swift */ = {isa = PBXFileReference; fileEncoding = 4; lastKnownFileType = sourcecode.swift; path = ChatMessagesSectionController.swift; sourceTree = "<group>"; };
		5B8880C71E51C8160095C66D /* ChatMessageCellNode.swift */ = {isa = PBXFileReference; fileEncoding = 4; lastKnownFileType = sourcecode.swift; path = ChatMessageCellNode.swift; sourceTree = "<group>"; };
		5B9E320C1E4243DF007C4AD3 /* DatabaseManager.swift */ = {isa = PBXFileReference; fileEncoding = 4; lastKnownFileType = sourcecode.swift; path = DatabaseManager.swift; sourceTree = "<group>"; };
		5B9E320F1E425114007C4AD3 /* AuthManager.swift */ = {isa = PBXFileReference; fileEncoding = 4; lastKnownFileType = sourcecode.swift; path = AuthManager.swift; sourceTree = "<group>"; };
		5BB0D29A1E4100B7000A1672 /* InChat.app */ = {isa = PBXFileReference; explicitFileType = wrapper.application; includeInIndex = 0; path = InChat.app; sourceTree = BUILT_PRODUCTS_DIR; };
		5BB0D29D1E4100B7000A1672 /* AppDelegate.swift */ = {isa = PBXFileReference; lastKnownFileType = sourcecode.swift; path = AppDelegate.swift; sourceTree = "<group>"; };
		5BB0D29F1E4100B7000A1672 /* LoginViewController.swift */ = {isa = PBXFileReference; lastKnownFileType = sourcecode.swift; path = LoginViewController.swift; sourceTree = "<group>"; };
		5BB0D2A41E4100B7000A1672 /* Assets.xcassets */ = {isa = PBXFileReference; lastKnownFileType = folder.assetcatalog; path = Assets.xcassets; sourceTree = "<group>"; };
		5BB0D2A71E4100B7000A1672 /* Base */ = {isa = PBXFileReference; lastKnownFileType = file.storyboard; name = Base; path = Base.lproj/LaunchScreen.storyboard; sourceTree = "<group>"; };
		5BB0D2A91E4100B7000A1672 /* Info.plist */ = {isa = PBXFileReference; lastKnownFileType = text.plist.xml; path = Info.plist; sourceTree = "<group>"; };
		5BB380E81E433B8F00E1F315 /* ASDisplayNode+PushAnimation.swift */ = {isa = PBXFileReference; fileEncoding = 4; lastKnownFileType = sourcecode.swift; path = "ASDisplayNode+PushAnimation.swift"; sourceTree = "<group>"; };
		5BB380EB1E43403A00E1F315 /* User.swift */ = {isa = PBXFileReference; fileEncoding = 4; lastKnownFileType = sourcecode.swift; path = User.swift; sourceTree = "<group>"; };
		5BB380ED1E43448100E1F315 /* NewMessageViewController.swift */ = {isa = PBXFileReference; fileEncoding = 4; lastKnownFileType = sourcecode.swift; path = NewMessageViewController.swift; sourceTree = "<group>"; };
		5BB380EF1E4348B900E1F315 /* BaseNavigationController.swift */ = {isa = PBXFileReference; fileEncoding = 4; lastKnownFileType = sourcecode.swift; path = BaseNavigationController.swift; sourceTree = "<group>"; };
		5BB380F11E4350EE00E1F315 /* UserCellNode.swift */ = {isa = PBXFileReference; fileEncoding = 4; lastKnownFileType = sourcecode.swift; path = UserCellNode.swift; sourceTree = "<group>"; };
		5BBA39C51E4DF76100569701 /* UsersListSectionController.swift */ = {isa = PBXFileReference; fileEncoding = 4; lastKnownFileType = sourcecode.swift; path = UsersListSectionController.swift; sourceTree = "<group>"; };
		5BBA39C71E4E003400569701 /* ViewControllerWithKeyboard.swift */ = {isa = PBXFileReference; fileEncoding = 4; lastKnownFileType = sourcecode.swift; path = ViewControllerWithKeyboard.swift; sourceTree = "<group>"; };
		5BD0E71B1E49DE7800727012 /* Message.swift */ = {isa = PBXFileReference; fileEncoding = 4; lastKnownFileType = sourcecode.swift; path = Message.swift; sourceTree = "<group>"; };
		5BD5499F1E4671B00094A2E8 /* ReachabilityProvider.swift */ = {isa = PBXFileReference; fileEncoding = 4; lastKnownFileType = sourcecode.swift; path = ReachabilityProvider.swift; sourceTree = "<group>"; };
		5BEA915A1E53109000C1940A /* DomainDI.swift */ = {isa = PBXFileReference; fileEncoding = 4; lastKnownFileType = sourcecode.swift; path = DomainDI.swift; sourceTree = "<group>"; };
		5BEA91621E531B4F00C1940A /* PresentationDI.swift */ = {isa = PBXFileReference; fileEncoding = 4; lastKnownFileType = sourcecode.swift; path = PresentationDI.swift; sourceTree = "<group>"; };
		5BEA91641E53284D00C1940A /* PresentationManager.swift */ = {isa = PBXFileReference; fileEncoding = 4; lastKnownFileType = sourcecode.swift; path = PresentationManager.swift; sourceTree = "<group>"; };
		5BEA91661E534EE200C1940A /* AppAssembly.swift */ = {isa = PBXFileReference; fileEncoding = 4; lastKnownFileType = sourcecode.swift; path = AppAssembly.swift; sourceTree = "<group>"; };
		B52EA711BE07F1B66F3140BB /* Pods-InChat.release.xcconfig */ = {isa = PBXFileReference; includeInIndex = 1; lastKnownFileType = text.xcconfig; name = "Pods-InChat.release.xcconfig"; path = "Pods/Target Support Files/Pods-InChat/Pods-InChat.release.xcconfig"; sourceTree = "<group>"; };
/* End PBXFileReference section */

/* Begin PBXFrameworksBuildPhase section */
		5BB0D2971E4100B7000A1672 /* Frameworks */ = {
			isa = PBXFrameworksBuildPhase;
			buildActionMask = 2147483647;
			files = (
				3A5CCBF14E8D3285586FBF5F /* Pods_InChat.framework in Frameworks */,
			);
			runOnlyForDeploymentPostprocessing = 0;
		};
/* End PBXFrameworksBuildPhase section */

/* Begin PBXGroup section */
		59D386272FB2BF043008E973 /* Frameworks */ = {
			isa = PBXGroup;
			children = (
				1967861A7DA358EF41C9CD13 /* Pods_InChat.framework */,
			);
			name = Frameworks;
			sourceTree = "<group>";
		};
		5B130EF81E4891F100BBC9C7 /* Chat */ = {
			isa = PBXGroup;
			children = (
				5B130EF41E4888CB00BBC9C7 /* ChatNode.swift */,
				5B130EF61E4891DA00BBC9C7 /* InputContainerNode.swift */,
				5B8880C71E51C8160095C66D /* ChatMessageCellNode.swift */,
			);
			name = Chat;
			sourceTree = "<group>";
		};
		5B130EF91E4891FC00BBC9C7 /* Profile */ = {
			isa = PBXGroup;
			children = (
				5B2785061E43A919009F618B /* ProfileHeaderCellNode.swift */,
				5B52074F1E448DD600CBF4AB /* ProfileEmailCellNode.swift */,
			);
			name = Profile;
			sourceTree = "<group>";
		};
		5B8631171E530CC400B78B2E /* DataLayer */ = {
			isa = PBXGroup;
			children = (
				5B8631181E530CDA00B78B2E /* Models */,
			);
			name = DataLayer;
			sourceTree = "<group>";
		};
		5B8631181E530CDA00B78B2E /* Models */ = {
			isa = PBXGroup;
			children = (
				5BB380EB1E43403A00E1F315 /* User.swift */,
				5BD0E71B1E49DE7800727012 /* Message.swift */,
			);
			name = Models;
			sourceTree = "<group>";
		};
		5BB0D2911E4100B7000A1672 = {
			isa = PBXGroup;
			children = (
				5BB0D29C1E4100B7000A1672 /* InChat */,
				5BB0D29B1E4100B7000A1672 /* Products */,
				78BE5305E77BACD5C2964400 /* Pods */,
				59D386272FB2BF043008E973 /* Frameworks */,
			);
			sourceTree = "<group>";
		};
		5BB0D29B1E4100B7000A1672 /* Products */ = {
			isa = PBXGroup;
			children = (
				5BB0D29A1E4100B7000A1672 /* InChat.app */,
			);
			name = Products;
			sourceTree = "<group>";
		};
		5BB0D29C1E4100B7000A1672 /* InChat */ = {
			isa = PBXGroup;
			children = (
				5BB0D2B01E410149000A1672 /* Resources */,
				5BB0D2AF1E410143000A1672 /* Source */,
			);
			name = InChat;
			path = GameOfChats;
			sourceTree = "<group>";
		};
		5BB0D2AF1E410143000A1672 /* Source */ = {
			isa = PBXGroup;
			children = (
				5BB0D29D1E4100B7000A1672 /* AppDelegate.swift */,
				5B8631171E530CC400B78B2E /* DataLayer */,
				5BEA91561E53104800C1940A /* DomainLayer */,
				5BEA915C1E531AF800C1940A /* PresentationLayer */,
				5BEA91661E534EE200C1940A /* AppAssembly.swift */,
			);
			name = Source;
			sourceTree = "<group>";
		};
		5BB0D2B01E410149000A1672 /* Resources */ = {
			isa = PBXGroup;
			children = (
				5B075ADB1E41133A00A702BC /* Localizable.strings */,
				5BB0D2A41E4100B7000A1672 /* Assets.xcassets */,
				5BB0D2A61E4100B7000A1672 /* LaunchScreen.storyboard */,
				5BB0D2A91E4100B7000A1672 /* Info.plist */,
				5B3BB9621E423FD3009FB91B /* GoogleService-Info.plist */,
				5B756F921E44D28F00CC49A0 /* InfoPlist.strings */,
			);
			name = Resources;
			sourceTree = "<group>";
		};
		5BBA39C91E4E013B00569701 /* Base */ = {
			isa = PBXGroup;
			children = (
				5BB380EF1E4348B900E1F315 /* BaseNavigationController.swift */,
				5BBA39C71E4E003400569701 /* ViewControllerWithKeyboard.swift */,
			);
			name = Base;
			sourceTree = "<group>";
		};
		5BEA91561E53104800C1940A /* DomainLayer */ = {
			isa = PBXGroup;
			children = (
				5BEA91591E53108000C1940A /* DI */,
				5BEA91571E53105E00C1940A /* API */,
				5BEA91581E53106700C1940A /* Utils */,
			);
			name = DomainLayer;
			sourceTree = "<group>";
		};
		5BEA91571E53105E00C1940A /* API */ = {
			isa = PBXGroup;
			children = (
				5B9E320C1E4243DF007C4AD3 /* DatabaseManager.swift */,
				5B9E320F1E425114007C4AD3 /* AuthManager.swift */,
			);
			name = API;
			sourceTree = "<group>";
		};
		5BEA91581E53106700C1940A /* Utils */ = {
			isa = PBXGroup;
			children = (
				5BD5499F1E4671B00094A2E8 /* ReachabilityProvider.swift */,
			);
			name = Utils;
			sourceTree = "<group>";
		};
		5BEA91591E53108000C1940A /* DI */ = {
			isa = PBXGroup;
			children = (
				5BEA915A1E53109000C1940A /* DomainDI.swift */,
			);
			name = DI;
			sourceTree = "<group>";
		};
		5BEA915C1E531AF800C1940A /* PresentationLayer */ = {
			isa = PBXGroup;
			children = (
				5BEA91641E53284D00C1940A /* PresentationManager.swift */,
				5BEA915D1E531B0A00C1940A /* DI */,
				5BEA915E1E531B1500C1940A /* Nodes */,
				5BEA915F1E531B1E00C1940A /* ViewControllers */,
				5BEA91601E531B2F00C1940A /* SectionControllers */,
				5BEA91611E531B3B00C1940A /* Utils */,
			);
			name = PresentationLayer;
			sourceTree = "<group>";
		};
		5BEA915D1E531B0A00C1940A /* DI */ = {
			isa = PBXGroup;
			children = (
				5BEA91621E531B4F00C1940A /* PresentationDI.swift */,
			);
			name = DI;
			sourceTree = "<group>";
		};
		5BEA915E1E531B1500C1940A /* Nodes */ = {
			isa = PBXGroup;
			children = (
				5B1A3CF01E41E65D003CE5A4 /* BaseDisplayNode.swift */,
				5B075AD41E41108600A702BC /* LoginNode.swift */,
				5BB380F11E4350EE00E1F315 /* UserCellNode.swift */,
				5B130EF91E4891FC00BBC9C7 /* Profile */,
				5B130EF81E4891F100BBC9C7 /* Chat */,
				5B37D6AC1E4A283700BEE948 /* LastMessageCellNode.swift */,
			);
			name = Nodes;
			sourceTree = "<group>";
		};
		5BEA915F1E531B1E00C1940A /* ViewControllers */ = {
			isa = PBXGroup;
			children = (
				5BBA39C91E4E013B00569701 /* Base */,
				5BB0D29F1E4100B7000A1672 /* LoginViewController.swift */,
				5B075ACE1E41049500A702BC /* LastMessagesViewController.swift */,
				5BB380ED1E43448100E1F315 /* NewMessageViewController.swift */,
				5B2785041E438F28009F618B /* ProfileViewController.swift */,
				5B130EF21E48868900BBC9C7 /* ChatViewController.swift */,
			);
			name = ViewControllers;
			sourceTree = "<group>";
		};
		5BEA91601E531B2F00C1940A /* SectionControllers */ = {
			isa = PBXGroup;
			children = (
				5B2F804A1E4CFB3E0045A4BE /* LastMessagesSectionController.swift */,
				5BBA39C51E4DF76100569701 /* UsersListSectionController.swift */,
				5B8880C51E51B7B80095C66D /* ChatMessagesSectionController.swift */,
			);
			name = SectionControllers;
			sourceTree = "<group>";
		};
		5BEA91611E531B3B00C1940A /* Utils */ = {
			isa = PBXGroup;
			children = (
				5B075AD21E41071A00A702BC /* Utils.swift */,
				5B1A3CF21E4225D3003CE5A4 /* KeyboardController.swift */,
				5BB380E81E433B8F00E1F315 /* ASDisplayNode+PushAnimation.swift */,
			);
			name = Utils;
			sourceTree = "<group>";
		};
		78BE5305E77BACD5C2964400 /* Pods */ = {
			isa = PBXGroup;
			children = (
				0BD4839A0D90E197E198E266 /* Pods-InChat.debug.xcconfig */,
				B52EA711BE07F1B66F3140BB /* Pods-InChat.release.xcconfig */,
			);
			name = Pods;
			sourceTree = "<group>";
		};
/* End PBXGroup section */

/* Begin PBXNativeTarget section */
		5BB0D2991E4100B7000A1672 /* InChat */ = {
			isa = PBXNativeTarget;
			buildConfigurationList = 5BB0D2AC1E4100B7000A1672 /* Build configuration list for PBXNativeTarget "InChat" */;
			buildPhases = (
				30299ED7C7B9428B5E61CDC3 /* [CP] Check Pods Manifest.lock */,
				5BB0D2961E4100B7000A1672 /* Sources */,
				5BB0D2971E4100B7000A1672 /* Frameworks */,
				5BB0D2981E4100B7000A1672 /* Resources */,
				C1C62AEBA80B1F0BB52B45E0 /* [CP] Embed Pods Frameworks */,
				64BA246E096D617B762907AD /* [CP] Copy Pods Resources */,
			);
			buildRules = (
			);
			dependencies = (
			);
			name = InChat;
			productName = GameOfChats;
			productReference = 5BB0D29A1E4100B7000A1672 /* InChat.app */;
			productType = "com.apple.product-type.application";
		};
/* End PBXNativeTarget section */

/* Begin PBXProject section */
		5BB0D2921E4100B7000A1672 /* Project object */ = {
			isa = PBXProject;
			attributes = {
				LastSwiftUpdateCheck = 0820;
				LastUpgradeCheck = 0820;
				ORGANIZATIONNAME = KRUBERLICK;
				TargetAttributes = {
					5BB0D2991E4100B7000A1672 = {
						CreatedOnToolsVersion = 8.2.1;
						DevelopmentTeam = 52PJTX65T3;
						ProvisioningStyle = Automatic;
					};
				};
			};
			buildConfigurationList = 5BB0D2951E4100B7000A1672 /* Build configuration list for PBXProject "InChat" */;
			compatibilityVersion = "Xcode 3.2";
			developmentRegion = English;
			hasScannedForEncodings = 0;
			knownRegions = (
				en,
				Base,
				ru,
				uk,
			);
			mainGroup = 5BB0D2911E4100B7000A1672;
			productRefGroup = 5BB0D29B1E4100B7000A1672 /* Products */;
			projectDirPath = "";
			projectRoot = "";
			targets = (
				5BB0D2991E4100B7000A1672 /* InChat */,
			);
		};
/* End PBXProject section */

/* Begin PBXResourcesBuildPhase section */
		5BB0D2981E4100B7000A1672 /* Resources */ = {
			isa = PBXResourcesBuildPhase;
			buildActionMask = 2147483647;
			files = (
				5BB0D2A81E4100B7000A1672 /* LaunchScreen.storyboard in Resources */,
				5B3BB9631E423FD3009FB91B /* GoogleService-Info.plist in Resources */,
				5B075AD91E41133A00A702BC /* Localizable.strings in Resources */,
				5BB0D2A51E4100B7000A1672 /* Assets.xcassets in Resources */,
				5B756F901E44D28F00CC49A0 /* InfoPlist.strings in Resources */,
			);
			runOnlyForDeploymentPostprocessing = 0;
		};
/* End PBXResourcesBuildPhase section */

/* Begin PBXShellScriptBuildPhase section */
		30299ED7C7B9428B5E61CDC3 /* [CP] Check Pods Manifest.lock */ = {
			isa = PBXShellScriptBuildPhase;
			buildActionMask = 2147483647;
			files = (
			);
			inputPaths = (
			);
			name = "[CP] Check Pods Manifest.lock";
			outputPaths = (
			);
			runOnlyForDeploymentPostprocessing = 0;
			shellPath = /bin/sh;
			shellScript = "diff \"${PODS_ROOT}/../Podfile.lock\" \"${PODS_ROOT}/Manifest.lock\" > /dev/null\nif [ $? != 0 ] ; then\n    # print error to STDERR\n    echo \"error: The sandbox is not in sync with the Podfile.lock. Run 'pod install' or update your CocoaPods installation.\" >&2\n    exit 1\nfi\n";
			showEnvVarsInLog = 0;
		};
		64BA246E096D617B762907AD /* [CP] Copy Pods Resources */ = {
			isa = PBXShellScriptBuildPhase;
			buildActionMask = 2147483647;
			files = (
			);
			inputPaths = (
			);
			name = "[CP] Copy Pods Resources";
			outputPaths = (
			);
			runOnlyForDeploymentPostprocessing = 0;
			shellPath = /bin/sh;
			shellScript = "\"${SRCROOT}/Pods/Target Support Files/Pods-InChat/Pods-InChat-resources.sh\"\n";
			showEnvVarsInLog = 0;
		};
		C1C62AEBA80B1F0BB52B45E0 /* [CP] Embed Pods Frameworks */ = {
			isa = PBXShellScriptBuildPhase;
			buildActionMask = 2147483647;
			files = (
			);
			inputPaths = (
			);
			name = "[CP] Embed Pods Frameworks";
			outputPaths = (
			);
			runOnlyForDeploymentPostprocessing = 0;
			shellPath = /bin/sh;
			shellScript = "\"${SRCROOT}/Pods/Target Support Files/Pods-InChat/Pods-InChat-frameworks.sh\"\n";
			showEnvVarsInLog = 0;
		};
/* End PBXShellScriptBuildPhase section */

/* Begin PBXSourcesBuildPhase section */
		5BB0D2961E4100B7000A1672 /* Sources */ = {
			isa = PBXSourcesBuildPhase;
			buildActionMask = 2147483647;
			files = (
				5BB380F21E4350EE00E1F315 /* UserCellNode.swift in Sources */,
				5BB380F01E4348B900E1F315 /* BaseNavigationController.swift in Sources */,
				5B37D6AD1E4A283700BEE948 /* LastMessageCellNode.swift in Sources */,
				5B2F804B1E4CFB3E0045A4BE /* LastMessagesSectionController.swift in Sources */,
				5BEA91631E531B4F00C1940A /* PresentationDI.swift in Sources */,
				5B9E320D1E4243DF007C4AD3 /* DatabaseManager.swift in Sources */,
				5B5207501E448DD600CBF4AB /* ProfileEmailCellNode.swift in Sources */,
				5BEA915B1E53109000C1940A /* DomainDI.swift in Sources */,
				5B130EF71E4891DA00BBC9C7 /* InputContainerNode.swift in Sources */,
				5BB380E91E433B8F00E1F315 /* ASDisplayNode+PushAnimation.swift in Sources */,
				5BBA39C61E4DF76100569701 /* UsersListSectionController.swift in Sources */,
				5B9E32101E425114007C4AD3 /* AuthManager.swift in Sources */,
				5B075ACF1E41049500A702BC /* LastMessagesViewController.swift in Sources */,
				5BEA91671E534EE200C1940A /* AppAssembly.swift in Sources */,
				5B2785071E43A919009F618B /* ProfileHeaderCellNode.swift in Sources */,
				5B075AD31E41071A00A702BC /* Utils.swift in Sources */,
				5BBA39C81E4E003400569701 /* ViewControllerWithKeyboard.swift in Sources */,
				5BD549A01E4671B00094A2E8 /* ReachabilityProvider.swift in Sources */,
				5B8880C61E51B7B80095C66D /* ChatMessagesSectionController.swift in Sources */,
				5BB0D2A01E4100B7000A1672 /* LoginViewController.swift in Sources */,
				5B130EF31E48868900BBC9C7 /* ChatViewController.swift in Sources */,
				5B1A3CF11E41E65D003CE5A4 /* BaseDisplayNode.swift in Sources */,
				5BB380EE1E43448100E1F315 /* NewMessageViewController.swift in Sources */,
				5B075AD51E41108600A702BC /* LoginNode.swift in Sources */,
				5B130EF51E4888CB00BBC9C7 /* ChatNode.swift in Sources */,
				5BD0E71C1E49DE7800727012 /* Message.swift in Sources */,
				5B8880C81E51C8160095C66D /* ChatMessageCellNode.swift in Sources */,
				5BB0D29E1E4100B7000A1672 /* AppDelegate.swift in Sources */,
				5B2785051E438F28009F618B /* ProfileViewController.swift in Sources */,
				5B1A3CF31E4225D3003CE5A4 /* KeyboardController.swift in Sources */,
				5BB380EC1E43403A00E1F315 /* User.swift in Sources */,
				5BEA91651E53284D00C1940A /* PresentationManager.swift in Sources */,
			);
			runOnlyForDeploymentPostprocessing = 0;
		};
/* End PBXSourcesBuildPhase section */

/* Begin PBXVariantGroup section */
		5B075ADB1E41133A00A702BC /* Localizable.strings */ = {
			isa = PBXVariantGroup;
			children = (
				5B075ADA1E41133A00A702BC /* en */,
				5B075ADF1E4114CF00A702BC /* ru */,
				5B075AE01E4114D800A702BC /* uk */,
			);
			name = Localizable.strings;
			sourceTree = "<group>";
		};
		5B756F921E44D28F00CC49A0 /* InfoPlist.strings */ = {
			isa = PBXVariantGroup;
			children = (
				5B756F911E44D28F00CC49A0 /* en */,
				5B756F931E44D29200CC49A0 /* ru */,
				5B756F941E44D29300CC49A0 /* uk */,
			);
			name = InfoPlist.strings;
			sourceTree = "<group>";
		};
		5BB0D2A61E4100B7000A1672 /* LaunchScreen.storyboard */ = {
			isa = PBXVariantGroup;
			children = (
				5BB0D2A71E4100B7000A1672 /* Base */,
			);
			name = LaunchScreen.storyboard;
			sourceTree = "<group>";
		};
/* End PBXVariantGroup section */

/* Begin XCBuildConfiguration section */
		5BB0D2AA1E4100B7000A1672 /* Debug */ = {
			isa = XCBuildConfiguration;
			buildSettings = {
				ALWAYS_SEARCH_USER_PATHS = NO;
				CLANG_ANALYZER_LOCALIZABILITY_NONLOCALIZED = YES;
				CLANG_ANALYZER_NONNULL = YES;
				CLANG_CXX_LANGUAGE_STANDARD = "gnu++0x";
				CLANG_CXX_LIBRARY = "libc++";
				CLANG_ENABLE_MODULES = YES;
				CLANG_ENABLE_OBJC_ARC = YES;
				CLANG_WARN_BOOL_CONVERSION = YES;
				CLANG_WARN_CONSTANT_CONVERSION = YES;
				CLANG_WARN_DIRECT_OBJC_ISA_USAGE = YES_ERROR;
				CLANG_WARN_DOCUMENTATION_COMMENTS = YES;
				CLANG_WARN_EMPTY_BODY = YES;
				CLANG_WARN_ENUM_CONVERSION = YES;
				CLANG_WARN_INFINITE_RECURSION = YES;
				CLANG_WARN_INT_CONVERSION = YES;
				CLANG_WARN_OBJC_ROOT_CLASS = YES_ERROR;
				CLANG_WARN_SUSPICIOUS_MOVE = YES;
				CLANG_WARN_UNREACHABLE_CODE = YES;
				CLANG_WARN__DUPLICATE_METHOD_MATCH = YES;
				"CODE_SIGN_IDENTITY[sdk=iphoneos*]" = "iPhone Developer";
				COPY_PHASE_STRIP = NO;
				DEBUG_INFORMATION_FORMAT = dwarf;
				ENABLE_STRICT_OBJC_MSGSEND = YES;
				ENABLE_TESTABILITY = YES;
				GCC_C_LANGUAGE_STANDARD = gnu99;
				GCC_DYNAMIC_NO_PIC = NO;
				GCC_NO_COMMON_BLOCKS = YES;
				GCC_OPTIMIZATION_LEVEL = 0;
				GCC_PREPROCESSOR_DEFINITIONS = (
					"DEBUG=1",
					"$(inherited)",
				);
				GCC_WARN_64_TO_32_BIT_CONVERSION = YES;
				GCC_WARN_ABOUT_RETURN_TYPE = YES_ERROR;
				GCC_WARN_UNDECLARED_SELECTOR = YES;
				GCC_WARN_UNINITIALIZED_AUTOS = YES_AGGRESSIVE;
				GCC_WARN_UNUSED_FUNCTION = YES;
				GCC_WARN_UNUSED_VARIABLE = YES;
				IPHONEOS_DEPLOYMENT_TARGET = 10.2;
				MTL_ENABLE_DEBUG_INFO = YES;
				ONLY_ACTIVE_ARCH = YES;
				SDKROOT = iphoneos;
				SWIFT_ACTIVE_COMPILATION_CONDITIONS = DEBUG;
				SWIFT_OPTIMIZATION_LEVEL = "-Onone";
			};
			name = Debug;
		};
		5BB0D2AB1E4100B7000A1672 /* Release */ = {
			isa = XCBuildConfiguration;
			buildSettings = {
				ALWAYS_SEARCH_USER_PATHS = NO;
				CLANG_ANALYZER_LOCALIZABILITY_NONLOCALIZED = YES;
				CLANG_ANALYZER_NONNULL = YES;
				CLANG_CXX_LANGUAGE_STANDARD = "gnu++0x";
				CLANG_CXX_LIBRARY = "libc++";
				CLANG_ENABLE_MODULES = YES;
				CLANG_ENABLE_OBJC_ARC = YES;
				CLANG_WARN_BOOL_CONVERSION = YES;
				CLANG_WARN_CONSTANT_CONVERSION = YES;
				CLANG_WARN_DIRECT_OBJC_ISA_USAGE = YES_ERROR;
				CLANG_WARN_DOCUMENTATION_COMMENTS = YES;
				CLANG_WARN_EMPTY_BODY = YES;
				CLANG_WARN_ENUM_CONVERSION = YES;
				CLANG_WARN_INFINITE_RECURSION = YES;
				CLANG_WARN_INT_CONVERSION = YES;
				CLANG_WARN_OBJC_ROOT_CLASS = YES_ERROR;
				CLANG_WARN_SUSPICIOUS_MOVE = YES;
				CLANG_WARN_UNREACHABLE_CODE = YES;
				CLANG_WARN__DUPLICATE_METHOD_MATCH = YES;
				"CODE_SIGN_IDENTITY[sdk=iphoneos*]" = "iPhone Developer";
				COPY_PHASE_STRIP = NO;
				DEBUG_INFORMATION_FORMAT = "dwarf-with-dsym";
				ENABLE_NS_ASSERTIONS = NO;
				ENABLE_STRICT_OBJC_MSGSEND = YES;
				GCC_C_LANGUAGE_STANDARD = gnu99;
				GCC_NO_COMMON_BLOCKS = YES;
				GCC_WARN_64_TO_32_BIT_CONVERSION = YES;
				GCC_WARN_ABOUT_RETURN_TYPE = YES_ERROR;
				GCC_WARN_UNDECLARED_SELECTOR = YES;
				GCC_WARN_UNINITIALIZED_AUTOS = YES_AGGRESSIVE;
				GCC_WARN_UNUSED_FUNCTION = YES;
				GCC_WARN_UNUSED_VARIABLE = YES;
				IPHONEOS_DEPLOYMENT_TARGET = 10.2;
				MTL_ENABLE_DEBUG_INFO = NO;
				SDKROOT = iphoneos;
				SWIFT_OPTIMIZATION_LEVEL = "-Owholemodule";
				VALIDATE_PRODUCT = YES;
			};
			name = Release;
		};
		5BB0D2AD1E4100B7000A1672 /* Debug */ = {
			isa = XCBuildConfiguration;
			baseConfigurationReference = 0BD4839A0D90E197E198E266 /* Pods-InChat.debug.xcconfig */;
			buildSettings = {
				ASSETCATALOG_COMPILER_APPICON_NAME = AppIcon;
				DEVELOPMENT_TEAM = 52PJTX65T3;
				INFOPLIST_FILE = GameOfChats/Info.plist;
				IPHONEOS_DEPLOYMENT_TARGET = 9.0;
				LD_RUNPATH_SEARCH_PATHS = "$(inherited) @executable_path/Frameworks";
				PRODUCT_BUNDLE_IDENTIFIER = com.kruberlick.InChat;
				PRODUCT_NAME = "$(TARGET_NAME)";
				SWIFT_VERSION = 3.0;
			};
			name = Debug;
		};
		5BB0D2AE1E4100B7000A1672 /* Release */ = {
			isa = XCBuildConfiguration;
			baseConfigurationReference = B52EA711BE07F1B66F3140BB /* Pods-InChat.release.xcconfig */;
			buildSettings = {
				ASSETCATALOG_COMPILER_APPICON_NAME = AppIcon;
				DEVELOPMENT_TEAM = 52PJTX65T3;
				INFOPLIST_FILE = GameOfChats/Info.plist;
				IPHONEOS_DEPLOYMENT_TARGET = 9.0;
				LD_RUNPATH_SEARCH_PATHS = "$(inherited) @executable_path/Frameworks";
				PRODUCT_BUNDLE_IDENTIFIER = com.kruberlick.InChat;
				PRODUCT_NAME = "$(TARGET_NAME)";
				SWIFT_VERSION = 3.0;
			};
			name = Release;
		};
/* End XCBuildConfiguration section */

/* Begin XCConfigurationList section */
		5BB0D2951E4100B7000A1672 /* Build configuration list for PBXProject "InChat" */ = {
			isa = XCConfigurationList;
			buildConfigurations = (
				5BB0D2AA1E4100B7000A1672 /* Debug */,
				5BB0D2AB1E4100B7000A1672 /* Release */,
			);
			defaultConfigurationIsVisible = 0;
			defaultConfigurationName = Release;
		};
		5BB0D2AC1E4100B7000A1672 /* Build configuration list for PBXNativeTarget "InChat" */ = {
			isa = XCConfigurationList;
			buildConfigurations = (
				5BB0D2AD1E4100B7000A1672 /* Debug */,
				5BB0D2AE1E4100B7000A1672 /* Release */,
			);
			defaultConfigurationIsVisible = 0;
			defaultConfigurationName = Release;
		};
/* End XCConfigurationList section */
	};
	rootObject = 5BB0D2921E4100B7000A1672 /* Project object */;
}
